// !$*UTF8*$!
{
	archiveVersion = 1;
	classes = {
	};
	objectVersion = 46;
	objects = {

/* Begin PBXBuildFile section */
		8FF64AFBFD5963DDF8BF30EB /* Pods_dbManager.framework in Frameworks */ = {isa = PBXBuildFile; fileRef = 346B9B092A21885B42772C57 /* Pods_dbManager.framework */; };
		AC3CA3F21D0F99BF003C553D /* AppDelegate.swift in Sources */ = {isa = PBXBuildFile; fileRef = AC3CA3F11D0F99BF003C553D /* AppDelegate.swift */; };
		AC3CA3F91D0F99BF003C553D /* DetailViewController.swift in Sources */ = {isa = PBXBuildFile; fileRef = AC3CA3F81D0F99BF003C553D /* DetailViewController.swift */; };
		AC3CA3FC1D0F99BF003C553D /* Main.storyboard in Resources */ = {isa = PBXBuildFile; fileRef = AC3CA3FA1D0F99BF003C553D /* Main.storyboard */; };
		AC3CA3FE1D0F99C0003C553D /* Assets.xcassets in Resources */ = {isa = PBXBuildFile; fileRef = AC3CA3FD1D0F99BF003C553D /* Assets.xcassets */; };
		AC3CA4011D0F99C0003C553D /* LaunchScreen.storyboard in Resources */ = {isa = PBXBuildFile; fileRef = AC3CA3FF1D0F99C0003C553D /* LaunchScreen.storyboard */; };
		AC3CA40C1D0F99C0003C553D /* dbManagerTests.swift in Sources */ = {isa = PBXBuildFile; fileRef = AC3CA40B1D0F99C0003C553D /* dbManagerTests.swift */; };
		AC3CA4171D0F99C0003C553D /* dbManagerUITests.swift in Sources */ = {isa = PBXBuildFile; fileRef = AC3CA4161D0F99C0003C553D /* dbManagerUITests.swift */; };
		AC3CA4621D10A9B0003C553D /* dynamoDBManager.swift in Sources */ = {isa = PBXBuildFile; fileRef = AC3CA4611D10A9B0003C553D /* dynamoDBManager.swift */; };
		AC3CA4641D14C533003C553D /* dbView.swift in Sources */ = {isa = PBXBuildFile; fileRef = AC3CA4631D14C533003C553D /* dbView.swift */; };
		AC8C03251D23327B00F338BB /* testKit.framework in Frameworks */ = {isa = PBXBuildFile; fileRef = AC8C03241D23327B00F338BB /* testKit.framework */; };
		AC8C03261D23327B00F338BB /* testKit.framework in Embed Frameworks */ = {isa = PBXBuildFile; fileRef = AC8C03241D23327B00F338BB /* testKit.framework */; settings = {ATTRIBUTES = (CodeSignOnCopy, RemoveHeadersOnCopy, ); }; };
		AC8C03291D233FC400F338BB /* Constants.swift in Sources */ = {isa = PBXBuildFile; fileRef = AC8C03281D233FC400F338BB /* Constants.swift */; };
/* End PBXBuildFile section */

/* Begin PBXContainerItemProxy section */
		AC3CA4081D0F99C0003C553D /* PBXContainerItemProxy */ = {
			isa = PBXContainerItemProxy;
			containerPortal = AC3CA3E61D0F99BF003C553D /* Project object */;
			proxyType = 1;
			remoteGlobalIDString = AC3CA3ED1D0F99BF003C553D;
			remoteInfo = dbManager;
		};
		AC3CA4131D0F99C0003C553D /* PBXContainerItemProxy */ = {
			isa = PBXContainerItemProxy;
			containerPortal = AC3CA3E61D0F99BF003C553D /* Project object */;
			proxyType = 1;
			remoteGlobalIDString = AC3CA3ED1D0F99BF003C553D;
			remoteInfo = dbManager;
		};
/* End PBXContainerItemProxy section */

/* Begin PBXCopyFilesBuildPhase section */
		AC8C03271D23327B00F338BB /* Embed Frameworks */ = {
			isa = PBXCopyFilesBuildPhase;
			buildActionMask = 2147483647;
			dstPath = "";
			dstSubfolderSpec = 10;
			files = (
				AC8C03261D23327B00F338BB /* testKit.framework in Embed Frameworks */,
			);
			name = "Embed Frameworks";
			runOnlyForDeploymentPostprocessing = 0;
		};
/* End PBXCopyFilesBuildPhase section */

/* Begin PBXFileReference section */
		346B9B092A21885B42772C57 /* Pods_dbManager.framework */ = {isa = PBXFileReference; explicitFileType = wrapper.framework; includeInIndex = 0; path = Pods_dbManager.framework; sourceTree = BUILT_PRODUCTS_DIR; };
		622B5F3E7A8CFA9A9392B78D /* Pods-dbManager.release.xcconfig */ = {isa = PBXFileReference; includeInIndex = 1; lastKnownFileType = text.xcconfig; name = "Pods-dbManager.release.xcconfig"; path = "Pods/Target Support Files/Pods-dbManager/Pods-dbManager.release.xcconfig"; sourceTree = "<group>"; };
		AC3CA3EE1D0F99BF003C553D /* dbManager.app */ = {isa = PBXFileReference; explicitFileType = wrapper.application; includeInIndex = 0; path = dbManager.app; sourceTree = BUILT_PRODUCTS_DIR; };
		AC3CA3F11D0F99BF003C553D /* AppDelegate.swift */ = {isa = PBXFileReference; lastKnownFileType = sourcecode.swift; path = AppDelegate.swift; sourceTree = "<group>"; };
		AC3CA3F81D0F99BF003C553D /* DetailViewController.swift */ = {isa = PBXFileReference; lastKnownFileType = sourcecode.swift; path = DetailViewController.swift; sourceTree = "<group>"; };
		AC3CA3FB1D0F99BF003C553D /* Base */ = {isa = PBXFileReference; lastKnownFileType = file.storyboard; name = Base; path = Base.lproj/Main.storyboard; sourceTree = "<group>"; };
		AC3CA3FD1D0F99BF003C553D /* Assets.xcassets */ = {isa = PBXFileReference; lastKnownFileType = folder.assetcatalog; path = Assets.xcassets; sourceTree = "<group>"; };
		AC3CA4001D0F99C0003C553D /* Base */ = {isa = PBXFileReference; lastKnownFileType = file.storyboard; name = Base; path = Base.lproj/LaunchScreen.storyboard; sourceTree = "<group>"; };
		AC3CA4021D0F99C0003C553D /* Info.plist */ = {isa = PBXFileReference; lastKnownFileType = text.plist.xml; path = Info.plist; sourceTree = "<group>"; };
		AC3CA4071D0F99C0003C553D /* dbManagerTests.xctest */ = {isa = PBXFileReference; explicitFileType = wrapper.cfbundle; includeInIndex = 0; path = dbManagerTests.xctest; sourceTree = BUILT_PRODUCTS_DIR; };
		AC3CA40B1D0F99C0003C553D /* dbManagerTests.swift */ = {isa = PBXFileReference; lastKnownFileType = sourcecode.swift; path = dbManagerTests.swift; sourceTree = "<group>"; };
		AC3CA40D1D0F99C0003C553D /* Info.plist */ = {isa = PBXFileReference; lastKnownFileType = text.plist.xml; path = Info.plist; sourceTree = "<group>"; };
		AC3CA4121D0F99C0003C553D /* dbManagerUITests.xctest */ = {isa = PBXFileReference; explicitFileType = wrapper.cfbundle; includeInIndex = 0; path = dbManagerUITests.xctest; sourceTree = BUILT_PRODUCTS_DIR; };
		AC3CA4161D0F99C0003C553D /* dbManagerUITests.swift */ = {isa = PBXFileReference; lastKnownFileType = sourcecode.swift; path = dbManagerUITests.swift; sourceTree = "<group>"; };
		AC3CA4181D0F99C0003C553D /* Info.plist */ = {isa = PBXFileReference; lastKnownFileType = text.plist.xml; path = Info.plist; sourceTree = "<group>"; };
		AC3CA4611D10A9B0003C553D /* dynamoDBManager.swift */ = {isa = PBXFileReference; fileEncoding = 4; lastKnownFileType = sourcecode.swift; path = dynamoDBManager.swift; sourceTree = "<group>"; };
		AC3CA4631D14C533003C553D /* dbView.swift */ = {isa = PBXFileReference; fileEncoding = 4; lastKnownFileType = sourcecode.swift; path = dbView.swift; sourceTree = "<group>"; };
		AC8C02FD1D22192100F338BB /* testKit.framework */ = {isa = PBXFileReference; lastKnownFileType = wrapper.framework; name = testKit.framework; path = "../Library/Developer/Xcode/DerivedData/testKit-bdmgtdqzfeyqiqajrzxifkdjyuqx/Build/Products/Debug-iphonesimulator/testKit.framework"; sourceTree = "<group>"; };
		AC8C03241D23327B00F338BB /* testKit.framework */ = {isa = PBXFileReference; lastKnownFileType = wrapper.framework; name = testKit.framework; path = "../Library/Developer/Xcode/DerivedData/testKit-bdmgtdqzfeyqiqajrzxifkdjyuqx/Build/Products/Debug-iphonesimulator/testKit.framework"; sourceTree = "<group>"; };
		AC8C03281D233FC400F338BB /* Constants.swift */ = {isa = PBXFileReference; fileEncoding = 4; lastKnownFileType = sourcecode.swift; path = Constants.swift; sourceTree = "<group>"; };
		B683FC13CE85BFA3BE0B376A /* Pods-dbManager.debug.xcconfig */ = {isa = PBXFileReference; includeInIndex = 1; lastKnownFileType = text.xcconfig; name = "Pods-dbManager.debug.xcconfig"; path = "Pods/Target Support Files/Pods-dbManager/Pods-dbManager.debug.xcconfig"; sourceTree = "<group>"; };
/* End PBXFileReference section */

/* Begin PBXFrameworksBuildPhase section */
		AC3CA3EB1D0F99BF003C553D /* Frameworks */ = {
			isa = PBXFrameworksBuildPhase;
			buildActionMask = 2147483647;
			files = (
				8FF64AFBFD5963DDF8BF30EB /* Pods_dbManager.framework in Frameworks */,
				AC8C03251D23327B00F338BB /* testKit.framework in Frameworks */,
			);
			runOnlyForDeploymentPostprocessing = 0;
		};
		AC3CA4041D0F99C0003C553D /* Frameworks */ = {
			isa = PBXFrameworksBuildPhase;
			buildActionMask = 2147483647;
			files = (
			);
			runOnlyForDeploymentPostprocessing = 0;
		};
		AC3CA40F1D0F99C0003C553D /* Frameworks */ = {
			isa = PBXFrameworksBuildPhase;
			buildActionMask = 2147483647;
			files = (
			);
			runOnlyForDeploymentPostprocessing = 0;
		};
/* End PBXFrameworksBuildPhase section */

/* Begin PBXGroup section */
		25F5A3360ED1DECD96EC0292 /* Pods */ = {
			isa = PBXGroup;
			children = (
				B683FC13CE85BFA3BE0B376A /* Pods-dbManager.debug.xcconfig */,
				622B5F3E7A8CFA9A9392B78D /* Pods-dbManager.release.xcconfig */,
			);
			name = Pods;
			sourceTree = "<group>";
		};
		AC3CA3E51D0F99BF003C553D = {
			isa = PBXGroup;
			children = (
				AC8C03241D23327B00F338BB /* testKit.framework */,
				AC3CA3F01D0F99BF003C553D /* dbManager */,
				AC3CA40A1D0F99C0003C553D /* dbManagerTests */,
				AC3CA4151D0F99C0003C553D /* dbManagerUITests */,
				AC3CA3EF1D0F99BF003C553D /* Products */,
				25F5A3360ED1DECD96EC0292 /* Pods */,
				E9D8995B522F3A894E15A08A /* Frameworks */,
			);
			sourceTree = "<group>";
		};
		AC3CA3EF1D0F99BF003C553D /* Products */ = {
			isa = PBXGroup;
			children = (
				AC3CA3EE1D0F99BF003C553D /* dbManager.app */,
				AC3CA4071D0F99C0003C553D /* dbManagerTests.xctest */,
				AC3CA4121D0F99C0003C553D /* dbManagerUITests.xctest */,
			);
			name = Products;
			sourceTree = "<group>";
		};
		AC3CA3F01D0F99BF003C553D /* dbManager */ = {
			isa = PBXGroup;
			children = (
				AC3CA3F11D0F99BF003C553D /* AppDelegate.swift */,
				AC3CA4611D10A9B0003C553D /* dynamoDBManager.swift */,
				AC8C03281D233FC400F338BB /* Constants.swift */,
				AC3CA3F81D0F99BF003C553D /* DetailViewController.swift */,
				AC3CA4631D14C533003C553D /* dbView.swift */,
				AC3CA3FA1D0F99BF003C553D /* Main.storyboard */,
				AC3CA3FD1D0F99BF003C553D /* Assets.xcassets */,
				AC3CA3FF1D0F99C0003C553D /* LaunchScreen.storyboard */,
				AC3CA4021D0F99C0003C553D /* Info.plist */,
			);
			path = dbManager;
			sourceTree = "<group>";
		};
		AC3CA40A1D0F99C0003C553D /* dbManagerTests */ = {
			isa = PBXGroup;
			children = (
				AC3CA40B1D0F99C0003C553D /* dbManagerTests.swift */,
				AC3CA40D1D0F99C0003C553D /* Info.plist */,
			);
			path = dbManagerTests;
			sourceTree = "<group>";
		};
		AC3CA4151D0F99C0003C553D /* dbManagerUITests */ = {
			isa = PBXGroup;
			children = (
				AC3CA4161D0F99C0003C553D /* dbManagerUITests.swift */,
				AC3CA4181D0F99C0003C553D /* Info.plist */,
			);
			path = dbManagerUITests;
			sourceTree = "<group>";
		};
		E9D8995B522F3A894E15A08A /* Frameworks */ = {
			isa = PBXGroup;
			children = (
				346B9B092A21885B42772C57 /* Pods_dbManager.framework */,
				AC8C02FD1D22192100F338BB /* testKit.framework */,
			);
			name = Frameworks;
			sourceTree = "<group>";
		};
/* End PBXGroup section */

/* Begin PBXNativeTarget section */
		AC3CA3ED1D0F99BF003C553D /* dbManager */ = {
			isa = PBXNativeTarget;
			buildConfigurationList = AC3CA41B1D0F99C0003C553D /* Build configuration list for PBXNativeTarget "dbManager" */;
			buildPhases = (
				5FE93A0C62517B01A36AADAD /* [CP] Check Pods Manifest.lock */,
				AC3CA3EA1D0F99BF003C553D /* Sources */,
				AC3CA3EB1D0F99BF003C553D /* Frameworks */,
				AC3CA3EC1D0F99BF003C553D /* Resources */,
				380B549DDDB540F2D0500B8D /* [CP] Embed Pods Frameworks */,
				42960144FED077FAFC3606CF /* [CP] Copy Pods Resources */,
				AC8C03271D23327B00F338BB /* Embed Frameworks */,
			);
			buildRules = (
			);
			dependencies = (
			);
			name = dbManager;
			productName = dbManager;
			productReference = AC3CA3EE1D0F99BF003C553D /* dbManager.app */;
			productType = "com.apple.product-type.application";
		};
		AC3CA4061D0F99C0003C553D /* dbManagerTests */ = {
			isa = PBXNativeTarget;
			buildConfigurationList = AC3CA41E1D0F99C0003C553D /* Build configuration list for PBXNativeTarget "dbManagerTests" */;
			buildPhases = (
				AC3CA4031D0F99C0003C553D /* Sources */,
				AC3CA4041D0F99C0003C553D /* Frameworks */,
				AC3CA4051D0F99C0003C553D /* Resources */,
			);
			buildRules = (
			);
			dependencies = (
				AC3CA4091D0F99C0003C553D /* PBXTargetDependency */,
			);
			name = dbManagerTests;
			productName = dbManagerTests;
			productReference = AC3CA4071D0F99C0003C553D /* dbManagerTests.xctest */;
			productType = "com.apple.product-type.bundle.unit-test";
		};
		AC3CA4111D0F99C0003C553D /* dbManagerUITests */ = {
			isa = PBXNativeTarget;
			buildConfigurationList = AC3CA4211D0F99C0003C553D /* Build configuration list for PBXNativeTarget "dbManagerUITests" */;
			buildPhases = (
				AC3CA40E1D0F99C0003C553D /* Sources */,
				AC3CA40F1D0F99C0003C553D /* Frameworks */,
				AC3CA4101D0F99C0003C553D /* Resources */,
			);
			buildRules = (
			);
			dependencies = (
				AC3CA4141D0F99C0003C553D /* PBXTargetDependency */,
			);
			name = dbManagerUITests;
			productName = dbManagerUITests;
			productReference = AC3CA4121D0F99C0003C553D /* dbManagerUITests.xctest */;
			productType = "com.apple.product-type.bundle.ui-testing";
		};
/* End PBXNativeTarget section */

/* Begin PBXProject section */
		AC3CA3E61D0F99BF003C553D /* Project object */ = {
			isa = PBXProject;
			attributes = {
				LastSwiftUpdateCheck = 0730;
				LastUpgradeCheck = 0730;
				ORGANIZATIONNAME = guest;
				TargetAttributes = {
					AC3CA3ED1D0F99BF003C553D = {
						CreatedOnToolsVersion = 7.3.1;
					};
					AC3CA4061D0F99C0003C553D = {
						CreatedOnToolsVersion = 7.3.1;
						TestTargetID = AC3CA3ED1D0F99BF003C553D;
					};
					AC3CA4111D0F99C0003C553D = {
						CreatedOnToolsVersion = 7.3.1;
						TestTargetID = AC3CA3ED1D0F99BF003C553D;
					};
				};
			};
			buildConfigurationList = AC3CA3E91D0F99BF003C553D /* Build configuration list for PBXProject "dbManager" */;
			compatibilityVersion = "Xcode 3.2";
			developmentRegion = English;
			hasScannedForEncodings = 0;
			knownRegions = (
				en,
				Base,
			);
			mainGroup = AC3CA3E51D0F99BF003C553D;
			productRefGroup = AC3CA3EF1D0F99BF003C553D /* Products */;
			projectDirPath = "";
			projectRoot = "";
			targets = (
				AC3CA3ED1D0F99BF003C553D /* dbManager */,
				AC3CA4061D0F99C0003C553D /* dbManagerTests */,
				AC3CA4111D0F99C0003C553D /* dbManagerUITests */,
			);
		};
/* End PBXProject section */

/* Begin PBXResourcesBuildPhase section */
		AC3CA3EC1D0F99BF003C553D /* Resources */ = {
			isa = PBXResourcesBuildPhase;
			buildActionMask = 2147483647;
			files = (
				AC3CA4011D0F99C0003C553D /* LaunchScreen.storyboard in Resources */,
				AC3CA3FE1D0F99C0003C553D /* Assets.xcassets in Resources */,
				AC3CA3FC1D0F99BF003C553D /* Main.storyboard in Resources */,
			);
			runOnlyForDeploymentPostprocessing = 0;
		};
		AC3CA4051D0F99C0003C553D /* Resources */ = {
			isa = PBXResourcesBuildPhase;
			buildActionMask = 2147483647;
			files = (
			);
			runOnlyForDeploymentPostprocessing = 0;
		};
		AC3CA4101D0F99C0003C553D /* Resources */ = {
			isa = PBXResourcesBuildPhase;
			buildActionMask = 2147483647;
			files = (
			);
			runOnlyForDeploymentPostprocessing = 0;
		};
/* End PBXResourcesBuildPhase section */

/* Begin PBXShellScriptBuildPhase section */
		380B549DDDB540F2D0500B8D /* [CP] Embed Pods Frameworks */ = {
			isa = PBXShellScriptBuildPhase;
			buildActionMask = 2147483647;
			files = (
			);
			inputPaths = (
			);
			name = "[CP] Embed Pods Frameworks";
			outputPaths = (
			);
			runOnlyForDeploymentPostprocessing = 0;
			shellPath = /bin/sh;
			shellScript = "\"${SRCROOT}/Pods/Target Support Files/Pods-dbManager/Pods-dbManager-frameworks.sh\"\n";
			showEnvVarsInLog = 0;
		};
		42960144FED077FAFC3606CF /* [CP] Copy Pods Resources */ = {
			isa = PBXShellScriptBuildPhase;
			buildActionMask = 2147483647;
			files = (
			);
			inputPaths = (
			);
			name = "[CP] Copy Pods Resources";
			outputPaths = (
			);
			runOnlyForDeploymentPostprocessing = 0;
			shellPath = /bin/sh;
			shellScript = "\"${SRCROOT}/Pods/Target Support Files/Pods-dbManager/Pods-dbManager-resources.sh\"\n";
			showEnvVarsInLog = 0;
		};
		5FE93A0C62517B01A36AADAD /* [CP] Check Pods Manifest.lock */ = {
			isa = PBXShellScriptBuildPhase;
			buildActionMask = 2147483647;
			files = (
			);
			inputPaths = (
			);
			name = "[CP] Check Pods Manifest.lock";
			outputPaths = (
			);
			runOnlyForDeploymentPostprocessing = 0;
			shellPath = /bin/sh;
			shellScript = "diff \"${PODS_ROOT}/../Podfile.lock\" \"${PODS_ROOT}/Manifest.lock\" > /dev/null\nif [[ $? != 0 ]] ; then\n    cat << EOM\nerror: The sandbox is not in sync with the Podfile.lock. Run 'pod install' or update your CocoaPods installation.\nEOM\n    exit 1\nfi\n";
			showEnvVarsInLog = 0;
		};
/* End PBXShellScriptBuildPhase section */

/* Begin PBXSourcesBuildPhase section */
		AC3CA3EA1D0F99BF003C553D /* Sources */ = {
			isa = PBXSourcesBuildPhase;
			buildActionMask = 2147483647;
			files = (
				AC8C03291D233FC400F338BB /* Constants.swift in Sources */,
				AC3CA3F21D0F99BF003C553D /* AppDelegate.swift in Sources */,
				AC3CA4621D10A9B0003C553D /* dynamoDBManager.swift in Sources */,
				AC3CA4641D14C533003C553D /* dbView.swift in Sources */,
				AC3CA3F91D0F99BF003C553D /* DetailViewController.swift in Sources */,
			);
			runOnlyForDeploymentPostprocessing = 0;
		};
		AC3CA4031D0F99C0003C553D /* Sources */ = {
			isa = PBXSourcesBuildPhase;
			buildActionMask = 2147483647;
			files = (
				AC3CA40C1D0F99C0003C553D /* dbManagerTests.swift in Sources */,
			);
			runOnlyForDeploymentPostprocessing = 0;
		};
		AC3CA40E1D0F99C0003C553D /* Sources */ = {
			isa = PBXSourcesBuildPhase;
			buildActionMask = 2147483647;
			files = (
				AC3CA4171D0F99C0003C553D /* dbManagerUITests.swift in Sources */,
			);
			runOnlyForDeploymentPostprocessing = 0;
		};
/* End PBXSourcesBuildPhase section */

/* Begin PBXTargetDependency section */
		AC3CA4091D0F99C0003C553D /* PBXTargetDependency */ = {
			isa = PBXTargetDependency;
			target = AC3CA3ED1D0F99BF003C553D /* dbManager */;
			targetProxy = AC3CA4081D0F99C0003C553D /* PBXContainerItemProxy */;
		};
		AC3CA4141D0F99C0003C553D /* PBXTargetDependency */ = {
			isa = PBXTargetDependency;
			target = AC3CA3ED1D0F99BF003C553D /* dbManager */;
			targetProxy = AC3CA4131D0F99C0003C553D /* PBXContainerItemProxy */;
		};
/* End PBXTargetDependency section */

/* Begin PBXVariantGroup section */
		AC3CA3FA1D0F99BF003C553D /* Main.storyboard */ = {
			isa = PBXVariantGroup;
			children = (
				AC3CA3FB1D0F99BF003C553D /* Base */,
			);
			name = Main.storyboard;
			sourceTree = "<group>";
		};
		AC3CA3FF1D0F99C0003C553D /* LaunchScreen.storyboard */ = {
			isa = PBXVariantGroup;
			children = (
				AC3CA4001D0F99C0003C553D /* Base */,
			);
			name = LaunchScreen.storyboard;
			sourceTree = "<group>";
		};
/* End PBXVariantGroup section */

/* Begin XCBuildConfiguration section */
		AC3CA4191D0F99C0003C553D /* Debug */ = {
			isa = XCBuildConfiguration;
			buildSettings = {
				ALWAYS_SEARCH_USER_PATHS = NO;
				CLANG_ANALYZER_NONNULL = YES;
				CLANG_CXX_LANGUAGE_STANDARD = "gnu++0x";
				CLANG_CXX_LIBRARY = "libc++";
				CLANG_ENABLE_MODULES = YES;
				CLANG_ENABLE_OBJC_ARC = YES;
				CLANG_WARN_BOOL_CONVERSION = YES;
				CLANG_WARN_CONSTANT_CONVERSION = YES;
				CLANG_WARN_DIRECT_OBJC_ISA_USAGE = YES_ERROR;
				CLANG_WARN_EMPTY_BODY = YES;
				CLANG_WARN_ENUM_CONVERSION = YES;
				CLANG_WARN_INT_CONVERSION = YES;
				CLANG_WARN_OBJC_ROOT_CLASS = YES_ERROR;
				CLANG_WARN_UNREACHABLE_CODE = YES;
				CLANG_WARN__DUPLICATE_METHOD_MATCH = YES;
				"CODE_SIGN_IDENTITY[sdk=iphoneos*]" = "iPhone Developer";
				COPY_PHASE_STRIP = NO;
				DEBUG_INFORMATION_FORMAT = dwarf;
				ENABLE_STRICT_OBJC_MSGSEND = YES;
				ENABLE_TESTABILITY = YES;
				GCC_C_LANGUAGE_STANDARD = gnu99;
				GCC_DYNAMIC_NO_PIC = NO;
				GCC_NO_COMMON_BLOCKS = YES;
				GCC_OPTIMIZATION_LEVEL = 0;
				GCC_PREPROCESSOR_DEFINITIONS = (
					"DEBUG=1",
					"$(inherited)",
				);
				GCC_WARN_64_TO_32_BIT_CONVERSION = YES;
				GCC_WARN_ABOUT_RETURN_TYPE = YES_ERROR;
				GCC_WARN_UNDECLARED_SELECTOR = YES;
				GCC_WARN_UNINITIALIZED_AUTOS = YES_AGGRESSIVE;
				GCC_WARN_UNUSED_FUNCTION = YES;
				GCC_WARN_UNUSED_VARIABLE = YES;
				IPHONEOS_DEPLOYMENT_TARGET = 9.3;
				MTL_ENABLE_DEBUG_INFO = YES;
				ONLY_ACTIVE_ARCH = YES;
				SDKROOT = iphoneos;
				SWIFT_OPTIMIZATION_LEVEL = "-Onone";
				TARGETED_DEVICE_FAMILY = "1,2";
			};
			name = Debug;
		};
		AC3CA41A1D0F99C0003C553D /* Release */ = {
			isa = XCBuildConfiguration;
			buildSettings = {
				ALWAYS_SEARCH_USER_PATHS = NO;
				CLANG_ANALYZER_NONNULL = YES;
				CLANG_CXX_LANGUAGE_STANDARD = "gnu++0x";
				CLANG_CXX_LIBRARY = "libc++";
				CLANG_ENABLE_MODULES = YES;
				CLANG_ENABLE_OBJC_ARC = YES;
				CLANG_WARN_BOOL_CONVERSION = YES;
				CLANG_WARN_CONSTANT_CONVERSION = YES;
				CLANG_WARN_DIRECT_OBJC_ISA_USAGE = YES_ERROR;
				CLANG_WARN_EMPTY_BODY = YES;
				CLANG_WARN_ENUM_CONVERSION = YES;
				CLANG_WARN_INT_CONVERSION = YES;
				CLANG_WARN_OBJC_ROOT_CLASS = YES_ERROR;
				CLANG_WARN_UNREACHABLE_CODE = YES;
				CLANG_WARN__DUPLICATE_METHOD_MATCH = YES;
				"CODE_SIGN_IDENTITY[sdk=iphoneos*]" = "iPhone Developer";
				COPY_PHASE_STRIP = NO;
				DEBUG_INFORMATION_FORMAT = "dwarf-with-dsym";
				ENABLE_NS_ASSERTIONS = NO;
				ENABLE_STRICT_OBJC_MSGSEND = YES;
				GCC_C_LANGUAGE_STANDARD = gnu99;
				GCC_NO_COMMON_BLOCKS = YES;
				GCC_WARN_64_TO_32_BIT_CONVERSION = YES;
				GCC_WARN_ABOUT_RETURN_TYPE = YES_ERROR;
				GCC_WARN_UNDECLARED_SELECTOR = YES;
				GCC_WARN_UNINITIALIZED_AUTOS = YES_AGGRESSIVE;
				GCC_WARN_UNUSED_FUNCTION = YES;
				GCC_WARN_UNUSED_VARIABLE = YES;
				IPHONEOS_DEPLOYMENT_TARGET = 9.3;
				MTL_ENABLE_DEBUG_INFO = NO;
				SDKROOT = iphoneos;
				TARGETED_DEVICE_FAMILY = "1,2";
				VALIDATE_PRODUCT = YES;
			};
			name = Release;
		};
		AC3CA41C1D0F99C0003C553D /* Debug */ = {
			isa = XCBuildConfiguration;
			baseConfigurationReference = B683FC13CE85BFA3BE0B376A /* Pods-dbManager.debug.xcconfig */;
			buildSettings = {
				ASSETCATALOG_COMPILER_APPICON_NAME = AppIcon;
				ENABLE_TESTABILITY = YES;
				FRAMEWORK_SEARCH_PATHS = (
					"$(inherited)",
					"\"$PODS_CONFIGURATION_BUILD_DIR/AWSAutoScaling\"",
					"\"$PODS_CONFIGURATION_BUILD_DIR/AWSCloudWatch\"",
					"\"$PODS_CONFIGURATION_BUILD_DIR/AWSCognito\"",
					"\"$PODS_CONFIGURATION_BUILD_DIR/AWSCognitoIdentityProvider\"",
					"\"$PODS_CONFIGURATION_BUILD_DIR/AWSCore\"",
					"\"$PODS_CONFIGURATION_BUILD_DIR/AWSDynamoDB\"",
					"\"$PODS_CONFIGURATION_BUILD_DIR/AWSEC2\"",
					"\"$PODS_CONFIGURATION_BUILD_DIR/AWSElasticLoadBalancing\"",
					"\"$PODS_CONFIGURATION_BUILD_DIR/AWSIoT\"",
					"\"$PODS_CONFIGURATION_BUILD_DIR/AWSKinesis\"",
					"\"$PODS_CONFIGURATION_BUILD_DIR/AWSLambda\"",
					"\"$PODS_CONFIGURATION_BUILD_DIR/AWSMachineLearning\"",
					"\"$PODS_CONFIGURATION_BUILD_DIR/AWSMobileAnalytics\"",
					"\"$PODS_CONFIGURATION_BUILD_DIR/AWSS3\"",
					"\"$PODS_CONFIGURATION_BUILD_DIR/AWSSES\"",
					"\"$PODS_CONFIGURATION_BUILD_DIR/AWSSNS\"",
					"\"$PODS_CONFIGURATION_BUILD_DIR/AWSSQS\"",
					"\"$PODS_CONFIGURATION_BUILD_DIR/AWSSimpleDB\"",
					"/Users/guest/Library/Developer/Xcode/DerivedData/testKit-bdmgtdqzfeyqiqajrzxifkdjyuqx/Build/Products/Debug-iphonesimulator/**",
				);
				INFOPLIST_FILE = dbManager/Info.plist;
				IPHONEOS_DEPLOYMENT_TARGET = 9.3;
				LD_RUNPATH_SEARCH_PATHS = "$(inherited) @executable_path/Frameworks";
				PRODUCT_BUNDLE_IDENTIFIER = healthcare.dbManager;
				PRODUCT_NAME = "$(TARGET_NAME)";
			};
			name = Debug;
		};
		AC3CA41D1D0F99C0003C553D /* Release */ = {
			isa = XCBuildConfiguration;
			baseConfigurationReference = 622B5F3E7A8CFA9A9392B78D /* Pods-dbManager.release.xcconfig */;
			buildSettings = {
				ASSETCATALOG_COMPILER_APPICON_NAME = AppIcon;
				ENABLE_TESTABILITY = NO;
				FRAMEWORK_SEARCH_PATHS = (
					"$(inherited)",
					"\"$PODS_CONFIGURATION_BUILD_DIR/AWSAutoScaling\"",
					"\"$PODS_CONFIGURATION_BUILD_DIR/AWSCloudWatch\"",
					"\"$PODS_CONFIGURATION_BUILD_DIR/AWSCognito\"",
					"\"$PODS_CONFIGURATION_BUILD_DIR/AWSCognitoIdentityProvider\"",
					"\"$PODS_CONFIGURATION_BUILD_DIR/AWSCore\"",
					"\"$PODS_CONFIGURATION_BUILD_DIR/AWSDynamoDB\"",
					"\"$PODS_CONFIGURATION_BUILD_DIR/AWSEC2\"",
					"\"$PODS_CONFIGURATION_BUILD_DIR/AWSElasticLoadBalancing\"",
					"\"$PODS_CONFIGURATION_BUILD_DIR/AWSIoT\"",
					"\"$PODS_CONFIGURATION_BUILD_DIR/AWSKinesis\"",
					"\"$PODS_CONFIGURATION_BUILD_DIR/AWSLambda\"",
					"\"$PODS_CONFIGURATION_BUILD_DIR/AWSMachineLearning\"",
					"\"$PODS_CONFIGURATION_BUILD_DIR/AWSMobileAnalytics\"",
					"\"$PODS_CONFIGURATION_BUILD_DIR/AWSS3\"",
					"\"$PODS_CONFIGURATION_BUILD_DIR/AWSSES\"",
					"\"$PODS_CONFIGURATION_BUILD_DIR/AWSSNS\"",
					"\"$PODS_CONFIGURATION_BUILD_DIR/AWSSQS\"",
					"\"$PODS_CONFIGURATION_BUILD_DIR/AWSSimpleDB\"",
					"/Users/guest/Library/Developer/Xcode/DerivedData/testKit-bdmgtdqzfeyqiqajrzxifkdjyuqx/Build/Products/Debug-iphonesimulator/**",
				);
				INFOPLIST_FILE = dbManager/Info.plist;
				IPHONEOS_DEPLOYMENT_TARGET = 9.3;
				LD_RUNPATH_SEARCH_PATHS = "$(inherited) @executable_path/Frameworks";
				PRODUCT_BUNDLE_IDENTIFIER = healthcare.dbManager;
				PRODUCT_NAME = "$(TARGET_NAME)";
			};
			name = Release;
		};
		AC3CA41F1D0F99C0003C553D /* Debug */ = {
			isa = XCBuildConfiguration;
			buildSettings = {
				BUNDLE_LOADER = "$(TEST_HOST)";
				INFOPLIST_FILE = dbManagerTests/Info.plist;
				LD_RUNPATH_SEARCH_PATHS = "$(inherited) @executable_path/Frameworks @loader_path/Frameworks";
				PRODUCT_BUNDLE_IDENTIFIER = healthcare.dbManagerTests;
				PRODUCT_NAME = "$(TARGET_NAME)";
				TEST_HOST = "$(BUILT_PRODUCTS_DIR)/dbManager.app/dbManager";
			};
			name = Debug;
		};
		AC3CA4201D0F99C0003C553D /* Release */ = {
			isa = XCBuildConfiguration;
			buildSettings = {
				BUNDLE_LOADER = "$(TEST_HOST)";
				INFOPLIST_FILE = dbManagerTests/Info.plist;
				LD_RUNPATH_SEARCH_PATHS = "$(inherited) @executable_path/Frameworks @loader_path/Frameworks";
				PRODUCT_BUNDLE_IDENTIFIER = healthcare.dbManagerTests;
				PRODUCT_NAME = "$(TARGET_NAME)";
				TEST_HOST = "$(BUILT_PRODUCTS_DIR)/dbManager.app/dbManager";
			};
			name = Release;
		};
		AC3CA4221D0F99C0003C553D /* Debug */ = {
			isa = XCBuildConfiguration;
			buildSettings = {
				INFOPLIST_FILE = dbManagerUITests/Info.plist;
				LD_RUNPATH_SEARCH_PATHS = "$(inherited) @executable_path/Frameworks @loader_path/Frameworks";
				PRODUCT_BUNDLE_IDENTIFIER = healthcare.dbManagerUITests;
				PRODUCT_NAME = "$(TARGET_NAME)";
				TEST_TARGET_NAME = dbManager;
			};
			name = Debug;
		};
		AC3CA4231D0F99C0003C553D /* Release */ = {
			isa = XCBuildConfiguration;
			buildSettings = {
				INFOPLIST_FILE = dbManagerUITests/Info.plist;
				LD_RUNPATH_SEARCH_PATHS = "$(inherited) @executable_path/Frameworks @loader_path/Frameworks";
				PRODUCT_BUNDLE_IDENTIFIER = healthcare.dbManagerUITests;
				PRODUCT_NAME = "$(TARGET_NAME)";
				TEST_TARGET_NAME = dbManager;
			};
			name = Release;
		};
/* End XCBuildConfiguration section */

/* Begin XCConfigurationList section */
		AC3CA3E91D0F99BF003C553D /* Build configuration list for PBXProject "dbManager" */ = {
			isa = XCConfigurationList;
			buildConfigurations = (
				AC3CA4191D0F99C0003C553D /* Debug */,
				AC3CA41A1D0F99C0003C553D /* Release */,
			);
			defaultConfigurationIsVisible = 0;
			defaultConfigurationName = Release;
		};
		AC3CA41B1D0F99C0003C553D /* Build configuration list for PBXNativeTarget "dbManager" */ = {
			isa = XCConfigurationList;
			buildConfigurations = (
				AC3CA41C1D0F99C0003C553D /* Debug */,
				AC3CA41D1D0F99C0003C553D /* Release */,
			);
			defaultConfigurationIsVisible = 0;
			defaultConfigurationName = Release;
		};
		AC3CA41E1D0F99C0003C553D /* Build configuration list for PBXNativeTarget "dbManagerTests" */ = {
			isa = XCConfigurationList;
			buildConfigurations = (
				AC3CA41F1D0F99C0003C553D /* Debug */,
				AC3CA4201D0F99C0003C553D /* Release */,
			);
			defaultConfigurationIsVisible = 0;
			defaultConfigurationName = Release;
		};
		AC3CA4211D0F99C0003C553D /* Build configuration list for PBXNativeTarget "dbManagerUITests" */ = {
			isa = XCConfigurationList;
			buildConfigurations = (
				AC3CA4221D0F99C0003C553D /* Debug */,
				AC3CA4231D0F99C0003C553D /* Release */,
			);
			defaultConfigurationIsVisible = 0;
			defaultConfigurationName = Release;
		};
/* End XCConfigurationList section */
	};
	rootObject = AC3CA3E61D0F99BF003C553D /* Project object */;
}
